// !$*UTF8*$!
{
	archiveVersion = 1;
	classes = {
	};
	objectVersion = 46;
	objects = {

/* Begin PBXBuildFile section */
		5AE52CD61CAAB6C40010D15A /* main.m in Sources */ = {isa = PBXBuildFile; fileRef = 5AE52CD51CAAB6C40010D15A /* main.m */; };
		5AE52CD91CAAB6C40010D15A /* AppDelegate.m in Sources */ = {isa = PBXBuildFile; fileRef = 5AE52CD81CAAB6C40010D15A /* AppDelegate.m */; };
		5AE52CDC1CAAB6C40010D15A /* ListViewController.m in Sources */ = {isa = PBXBuildFile; fileRef = 5AE52CDB1CAAB6C40010D15A /* ListViewController.m */; };
		5AE52CDF1CAAB6C40010D15A /* Main.storyboard in Resources */ = {isa = PBXBuildFile; fileRef = 5AE52CDD1CAAB6C40010D15A /* Main.storyboard */; };
		5AE52CE21CAAB6C40010D15A /* TestApp.xcdatamodeld in Sources */ = {isa = PBXBuildFile; fileRef = 5AE52CE01CAAB6C40010D15A /* TestApp.xcdatamodeld */; };
		5AE52CE41CAAB6C40010D15A /* Assets.xcassets in Resources */ = {isa = PBXBuildFile; fileRef = 5AE52CE31CAAB6C40010D15A /* Assets.xcassets */; };
		5AE52CE71CAAB6C40010D15A /* LaunchScreen.storyboard in Resources */ = {isa = PBXBuildFile; fileRef = 5AE52CE51CAAB6C40010D15A /* LaunchScreen.storyboard */; };
		5AE52CF21CAAB6C50010D15A /* TestAppTests.m in Sources */ = {isa = PBXBuildFile; fileRef = 5AE52CF11CAAB6C50010D15A /* TestAppTests.m */; };
		5AE52CFD1CAAB6C50010D15A /* TestAppUITests.m in Sources */ = {isa = PBXBuildFile; fileRef = 5AE52CFC1CAAB6C50010D15A /* TestAppUITests.m */; };
		5AE52D0C1CAAB7600010D15A /* DetailViewController.m in Sources */ = {isa = PBXBuildFile; fileRef = 5AE52D0B1CAAB7600010D15A /* DetailViewController.m */; };
		5AE52D0F1CAAB8CD0010D15A /* NetworkModel.m in Sources */ = {isa = PBXBuildFile; fileRef = 5AE52D0E1CAAB8CD0010D15A /* NetworkModel.m */; };
		5AE52D141CAAC4EB0010D15A /* Item+CoreDataProperties.m in Sources */ = {isa = PBXBuildFile; fileRef = 5AE52D111CAAC4EB0010D15A /* Item+CoreDataProperties.m */; };
		5AE52D151CAAC4EB0010D15A /* Item.m in Sources */ = {isa = PBXBuildFile; fileRef = 5AE52D131CAAC4EB0010D15A /* Item.m */; };
/* End PBXBuildFile section */

/* Begin PBXContainerItemProxy section */
		5AE52CEE1CAAB6C50010D15A /* PBXContainerItemProxy */ = {
			isa = PBXContainerItemProxy;
			containerPortal = 5AE52CC91CAAB6C40010D15A /* Project object */;
			proxyType = 1;
			remoteGlobalIDString = 5AE52CD01CAAB6C40010D15A;
			remoteInfo = TestApp;
		};
		5AE52CF91CAAB6C50010D15A /* PBXContainerItemProxy */ = {
			isa = PBXContainerItemProxy;
			containerPortal = 5AE52CC91CAAB6C40010D15A /* Project object */;
			proxyType = 1;
			remoteGlobalIDString = 5AE52CD01CAAB6C40010D15A;
			remoteInfo = TestApp;
		};
/* End PBXContainerItemProxy section */

/* Begin PBXFileReference section */
		5AE52CD11CAAB6C40010D15A /* TestApp.app */ = {isa = PBXFileReference; explicitFileType = wrapper.application; includeInIndex = 0; path = TestApp.app; sourceTree = BUILT_PRODUCTS_DIR; };
		5AE52CD51CAAB6C40010D15A /* main.m */ = {isa = PBXFileReference; lastKnownFileType = sourcecode.c.objc; path = main.m; sourceTree = "<group>"; };
		5AE52CD71CAAB6C40010D15A /* AppDelegate.h */ = {isa = PBXFileReference; lastKnownFileType = sourcecode.c.h; path = AppDelegate.h; sourceTree = "<group>"; };
		5AE52CD81CAAB6C40010D15A /* AppDelegate.m */ = {isa = PBXFileReference; lastKnownFileType = sourcecode.c.objc; path = AppDelegate.m; sourceTree = "<group>"; };
		5AE52CDA1CAAB6C40010D15A /* ListViewController.h */ = {isa = PBXFileReference; lastKnownFileType = sourcecode.c.h; path = ListViewController.h; sourceTree = "<group>"; };
		5AE52CDB1CAAB6C40010D15A /* ListViewController.m */ = {isa = PBXFileReference; lastKnownFileType = sourcecode.c.objc; path = ListViewController.m; sourceTree = "<group>"; };
		5AE52CDE1CAAB6C40010D15A /* Base */ = {isa = PBXFileReference; lastKnownFileType = file.storyboard; name = Base; path = Base.lproj/Main.storyboard; sourceTree = "<group>"; };
		5AE52CE11CAAB6C40010D15A /* TestApp.xcdatamodel */ = {isa = PBXFileReference; lastKnownFileType = wrapper.xcdatamodel; path = TestApp.xcdatamodel; sourceTree = "<group>"; };
		5AE52CE31CAAB6C40010D15A /* Assets.xcassets */ = {isa = PBXFileReference; lastKnownFileType = folder.assetcatalog; path = Assets.xcassets; sourceTree = "<group>"; };
		5AE52CE61CAAB6C40010D15A /* Base */ = {isa = PBXFileReference; lastKnownFileType = file.storyboard; name = Base; path = Base.lproj/LaunchScreen.storyboard; sourceTree = "<group>"; };
		5AE52CE81CAAB6C40010D15A /* Info.plist */ = {isa = PBXFileReference; lastKnownFileType = text.plist.xml; path = Info.plist; sourceTree = "<group>"; };
		5AE52CED1CAAB6C50010D15A /* TestAppTests.xctest */ = {isa = PBXFileReference; explicitFileType = wrapper.cfbundle; includeInIndex = 0; path = TestAppTests.xctest; sourceTree = BUILT_PRODUCTS_DIR; };
		5AE52CF11CAAB6C50010D15A /* TestAppTests.m */ = {isa = PBXFileReference; lastKnownFileType = sourcecode.c.objc; path = TestAppTests.m; sourceTree = "<group>"; };
		5AE52CF31CAAB6C50010D15A /* Info.plist */ = {isa = PBXFileReference; lastKnownFileType = text.plist.xml; path = Info.plist; sourceTree = "<group>"; };
		5AE52CF81CAAB6C50010D15A /* TestAppUITests.xctest */ = {isa = PBXFileReference; explicitFileType = wrapper.cfbundle; includeInIndex = 0; path = TestAppUITests.xctest; sourceTree = BUILT_PRODUCTS_DIR; };
		5AE52CFC1CAAB6C50010D15A /* TestAppUITests.m */ = {isa = PBXFileReference; lastKnownFileType = sourcecode.c.objc; path = TestAppUITests.m; sourceTree = "<group>"; };
		5AE52CFE1CAAB6C50010D15A /* Info.plist */ = {isa = PBXFileReference; lastKnownFileType = text.plist.xml; path = Info.plist; sourceTree = "<group>"; };
		5AE52D0A1CAAB7600010D15A /* DetailViewController.h */ = {isa = PBXFileReference; fileEncoding = 4; lastKnownFileType = sourcecode.c.h; path = DetailViewController.h; sourceTree = "<group>"; };
		5AE52D0B1CAAB7600010D15A /* DetailViewController.m */ = {isa = PBXFileReference; fileEncoding = 4; lastKnownFileType = sourcecode.c.objc; path = DetailViewController.m; sourceTree = "<group>"; };
		5AE52D0D1CAAB8CD0010D15A /* NetworkModel.h */ = {isa = PBXFileReference; fileEncoding = 4; lastKnownFileType = sourcecode.c.h; path = NetworkModel.h; sourceTree = "<group>"; };
		5AE52D0E1CAAB8CD0010D15A /* NetworkModel.m */ = {isa = PBXFileReference; fileEncoding = 4; lastKnownFileType = sourcecode.c.objc; path = NetworkModel.m; sourceTree = "<group>"; };
		5AE52D101CAAC4EB0010D15A /* Item+CoreDataProperties.h */ = {isa = PBXFileReference; fileEncoding = 4; lastKnownFileType = sourcecode.c.h; path = "Item+CoreDataProperties.h"; sourceTree = "<group>"; };
		5AE52D111CAAC4EB0010D15A /* Item+CoreDataProperties.m */ = {isa = PBXFileReference; fileEncoding = 4; lastKnownFileType = sourcecode.c.objc; path = "Item+CoreDataProperties.m"; sourceTree = "<group>"; };
		5AE52D121CAAC4EB0010D15A /* Item.h */ = {isa = PBXFileReference; fileEncoding = 4; lastKnownFileType = sourcecode.c.h; path = Item.h; sourceTree = "<group>"; };
		5AE52D131CAAC4EB0010D15A /* Item.m */ = {isa = PBXFileReference; fileEncoding = 4; lastKnownFileType = sourcecode.c.objc; path = Item.m; sourceTree = "<group>"; };
/* End PBXFileReference section */

/* Begin PBXFrameworksBuildPhase section */
		5AE52CCE1CAAB6C40010D15A /* Frameworks */ = {
			isa = PBXFrameworksBuildPhase;
			buildActionMask = 2147483647;
			files = (
			);
			runOnlyForDeploymentPostprocessing = 0;
		};
		5AE52CEA1CAAB6C50010D15A /* Frameworks */ = {
			isa = PBXFrameworksBuildPhase;
			buildActionMask = 2147483647;
			files = (
			);
			runOnlyForDeploymentPostprocessing = 0;
		};
		5AE52CF51CAAB6C50010D15A /* Frameworks */ = {
			isa = PBXFrameworksBuildPhase;
			buildActionMask = 2147483647;
			files = (
			);
			runOnlyForDeploymentPostprocessing = 0;
		};
/* End PBXFrameworksBuildPhase section */

/* Begin PBXGroup section */
		5AE52CC81CAAB6C40010D15A = {
			isa = PBXGroup;
			children = (
				5AE52CD31CAAB6C40010D15A /* TestApp */,
				5AE52CF01CAAB6C50010D15A /* TestAppTests */,
				5AE52CFB1CAAB6C50010D15A /* TestAppUITests */,
				5AE52CD21CAAB6C40010D15A /* Products */,
			);
			sourceTree = "<group>";
		};
		5AE52CD21CAAB6C40010D15A /* Products */ = {
			isa = PBXGroup;
			children = (
				5AE52CD11CAAB6C40010D15A /* TestApp.app */,
				5AE52CED1CAAB6C50010D15A /* TestAppTests.xctest */,
				5AE52CF81CAAB6C50010D15A /* TestAppUITests.xctest */,
			);
			name = Products;
			sourceTree = "<group>";
		};
		5AE52CD31CAAB6C40010D15A /* TestApp */ = {
			isa = PBXGroup;
			children = (
				5AE52CD71CAAB6C40010D15A /* AppDelegate.h */,
				5AE52CD81CAAB6C40010D15A /* AppDelegate.m */,
				5AE52CDA1CAAB6C40010D15A /* ListViewController.h */,
				5AE52CDB1CAAB6C40010D15A /* ListViewController.m */,
				5AE52D0D1CAAB8CD0010D15A /* NetworkModel.h */,
				5AE52D0E1CAAB8CD0010D15A /* NetworkModel.m */,
				5AE52D0A1CAAB7600010D15A /* DetailViewController.h */,
				5AE52D0B1CAAB7600010D15A /* DetailViewController.m */,
				5AE52CDD1CAAB6C40010D15A /* Main.storyboard */,
				5AE52CE31CAAB6C40010D15A /* Assets.xcassets */,
				5AE52CE51CAAB6C40010D15A /* LaunchScreen.storyboard */,
				5AE52CE81CAAB6C40010D15A /* Info.plist */,
				5AE52CE01CAAB6C40010D15A /* TestApp.xcdatamodeld */,
				5AE52CD41CAAB6C40010D15A /* Supporting Files */,
				5AE52D101CAAC4EB0010D15A /* Item+CoreDataProperties.h */,
				5AE52D111CAAC4EB0010D15A /* Item+CoreDataProperties.m */,
				5AE52D121CAAC4EB0010D15A /* Item.h */,
				5AE52D131CAAC4EB0010D15A /* Item.m */,
			);
			path = TestApp;
			sourceTree = "<group>";
		};
		5AE52CD41CAAB6C40010D15A /* Supporting Files */ = {
			isa = PBXGroup;
			children = (
				5AE52CD51CAAB6C40010D15A /* main.m */,
			);
			name = "Supporting Files";
			sourceTree = "<group>";
		};
		5AE52CF01CAAB6C50010D15A /* TestAppTests */ = {
			isa = PBXGroup;
			children = (
				5AE52CF11CAAB6C50010D15A /* TestAppTests.m */,
				5AE52CF31CAAB6C50010D15A /* Info.plist */,
			);
			path = TestAppTests;
			sourceTree = "<group>";
		};
		5AE52CFB1CAAB6C50010D15A /* TestAppUITests */ = {
			isa = PBXGroup;
			children = (
				5AE52CFC1CAAB6C50010D15A /* TestAppUITests.m */,
				5AE52CFE1CAAB6C50010D15A /* Info.plist */,
			);
			path = TestAppUITests;
			sourceTree = "<group>";
		};
/* End PBXGroup section */

/* Begin PBXNativeTarget section */
		5AE52CD01CAAB6C40010D15A /* TestApp */ = {
			isa = PBXNativeTarget;
			buildConfigurationList = 5AE52D011CAAB6C50010D15A /* Build configuration list for PBXNativeTarget "TestApp" */;
			buildPhases = (
				5AE52CCD1CAAB6C40010D15A /* Sources */,
				5AE52CCE1CAAB6C40010D15A /* Frameworks */,
				5AE52CCF1CAAB6C40010D15A /* Resources */,
			);
			buildRules = (
			);
			dependencies = (
			);
			name = TestApp;
			productName = TestApp;
			productReference = 5AE52CD11CAAB6C40010D15A /* TestApp.app */;
			productType = "com.apple.product-type.application";
		};
		5AE52CEC1CAAB6C50010D15A /* TestAppTests */ = {
			isa = PBXNativeTarget;
			buildConfigurationList = 5AE52D041CAAB6C50010D15A /* Build configuration list for PBXNativeTarget "TestAppTests" */;
			buildPhases = (
				5AE52CE91CAAB6C50010D15A /* Sources */,
				5AE52CEA1CAAB6C50010D15A /* Frameworks */,
				5AE52CEB1CAAB6C50010D15A /* Resources */,
			);
			buildRules = (
			);
			dependencies = (
				5AE52CEF1CAAB6C50010D15A /* PBXTargetDependency */,
			);
			name = TestAppTests;
			productName = TestAppTests;
			productReference = 5AE52CED1CAAB6C50010D15A /* TestAppTests.xctest */;
			productType = "com.apple.product-type.bundle.unit-test";
		};
		5AE52CF71CAAB6C50010D15A /* TestAppUITests */ = {
			isa = PBXNativeTarget;
			buildConfigurationList = 5AE52D071CAAB6C50010D15A /* Build configuration list for PBXNativeTarget "TestAppUITests" */;
			buildPhases = (
				5AE52CF41CAAB6C50010D15A /* Sources */,
				5AE52CF51CAAB6C50010D15A /* Frameworks */,
				5AE52CF61CAAB6C50010D15A /* Resources */,
			);
			buildRules = (
			);
			dependencies = (
				5AE52CFA1CAAB6C50010D15A /* PBXTargetDependency */,
			);
			name = TestAppUITests;
			productName = TestAppUITests;
			productReference = 5AE52CF81CAAB6C50010D15A /* TestAppUITests.xctest */;
			productType = "com.apple.product-type.bundle.ui-testing";
		};
/* End PBXNativeTarget section */

/* Begin PBXProject section */
		5AE52CC91CAAB6C40010D15A /* Project object */ = {
			isa = PBXProject;
			attributes = {
				LastUpgradeCheck = 0730;
				ORGANIZATIONNAME = Nostris;
				TargetAttributes = {
					5AE52CD01CAAB6C40010D15A = {
						CreatedOnToolsVersion = 7.3;
					};
					5AE52CEC1CAAB6C50010D15A = {
						CreatedOnToolsVersion = 7.3;
						TestTargetID = 5AE52CD01CAAB6C40010D15A;
					};
					5AE52CF71CAAB6C50010D15A = {
						CreatedOnToolsVersion = 7.3;
						TestTargetID = 5AE52CD01CAAB6C40010D15A;
					};
				};
			};
			buildConfigurationList = 5AE52CCC1CAAB6C40010D15A /* Build configuration list for PBXProject "TestApp" */;
			compatibilityVersion = "Xcode 3.2";
			developmentRegion = English;
			hasScannedForEncodings = 0;
			knownRegions = (
				en,
				Base,
			);
			mainGroup = 5AE52CC81CAAB6C40010D15A;
			productRefGroup = 5AE52CD21CAAB6C40010D15A /* Products */;
			projectDirPath = "";
			projectRoot = "";
			targets = (
				5AE52CD01CAAB6C40010D15A /* TestApp */,
				5AE52CEC1CAAB6C50010D15A /* TestAppTests */,
				5AE52CF71CAAB6C50010D15A /* TestAppUITests */,
			);
		};
/* End PBXProject section */

/* Begin PBXResourcesBuildPhase section */
		5AE52CCF1CAAB6C40010D15A /* Resources */ = {
			isa = PBXResourcesBuildPhase;
			buildActionMask = 2147483647;
			files = (
				5AE52CE71CAAB6C40010D15A /* LaunchScreen.storyboard in Resources */,
				5AE52CE41CAAB6C40010D15A /* Assets.xcassets in Resources */,
				5AE52CDF1CAAB6C40010D15A /* Main.storyboard in Resources */,
			);
			runOnlyForDeploymentPostprocessing = 0;
		};
		5AE52CEB1CAAB6C50010D15A /* Resources */ = {
			isa = PBXResourcesBuildPhase;
			buildActionMask = 2147483647;
			files = (
			);
			runOnlyForDeploymentPostprocessing = 0;
		};
		5AE52CF61CAAB6C50010D15A /* Resources */ = {
			isa = PBXResourcesBuildPhase;
			buildActionMask = 2147483647;
			files = (
			);
			runOnlyForDeploymentPostprocessing = 0;
		};
/* End PBXResourcesBuildPhase section */

/* Begin PBXSourcesBuildPhase section */
		5AE52CCD1CAAB6C40010D15A /* Sources */ = {
			isa = PBXSourcesBuildPhase;
			buildActionMask = 2147483647;
			files = (
				5AE52D151CAAC4EB0010D15A /* Item.m in Sources */,
				5AE52D0C1CAAB7600010D15A /* DetailViewController.m in Sources */,
				5AE52D141CAAC4EB0010D15A /* Item+CoreDataProperties.m in Sources */,
				5AE52CDC1CAAB6C40010D15A /* ListViewController.m in Sources */,
				5AE52D0F1CAAB8CD0010D15A /* NetworkModel.m in Sources */,
				5AE52CE21CAAB6C40010D15A /* TestApp.xcdatamodeld in Sources */,
				5AE52CD91CAAB6C40010D15A /* AppDelegate.m in Sources */,
				5AE52CD61CAAB6C40010D15A /* main.m in Sources */,
			);
			runOnlyForDeploymentPostprocessing = 0;
		};
		5AE52CE91CAAB6C50010D15A /* Sources */ = {
			isa = PBXSourcesBuildPhase;
			buildActionMask = 2147483647;
			files = (
				5AE52CF21CAAB6C50010D15A /* TestAppTests.m in Sources */,
			);
			runOnlyForDeploymentPostprocessing = 0;
		};
		5AE52CF41CAAB6C50010D15A /* Sources */ = {
			isa = PBXSourcesBuildPhase;
			buildActionMask = 2147483647;
			files = (
				5AE52CFD1CAAB6C50010D15A /* TestAppUITests.m in Sources */,
			);
			runOnlyForDeploymentPostprocessing = 0;
		};
/* End PBXSourcesBuildPhase section */

/* Begin PBXTargetDependency section */
		5AE52CEF1CAAB6C50010D15A /* PBXTargetDependency */ = {
			isa = PBXTargetDependency;
			target = 5AE52CD01CAAB6C40010D15A /* TestApp */;
			targetProxy = 5AE52CEE1CAAB6C50010D15A /* PBXContainerItemProxy */;
		};
		5AE52CFA1CAAB6C50010D15A /* PBXTargetDependency */ = {
			isa = PBXTargetDependency;
			target = 5AE52CD01CAAB6C40010D15A /* TestApp */;
			targetProxy = 5AE52CF91CAAB6C50010D15A /* PBXContainerItemProxy */;
		};
/* End PBXTargetDependency section */

/* Begin PBXVariantGroup section */
		5AE52CDD1CAAB6C40010D15A /* Main.storyboard */ = {
			isa = PBXVariantGroup;
			children = (
				5AE52CDE1CAAB6C40010D15A /* Base */,
			);
			name = Main.storyboard;
			sourceTree = "<group>";
		};
		5AE52CE51CAAB6C40010D15A /* LaunchScreen.storyboard */ = {
			isa = PBXVariantGroup;
			children = (
				5AE52CE61CAAB6C40010D15A /* Base */,
			);
			name = LaunchScreen.storyboard;
			sourceTree = "<group>";
		};
/* End PBXVariantGroup section */

/* Begin XCBuildConfiguration section */
		5AE52CFF1CAAB6C50010D15A /* Debug */ = {
			isa = XCBuildConfiguration;
			buildSettings = {
				ALWAYS_SEARCH_USER_PATHS = NO;
				CLANG_ANALYZER_NONNULL = YES;
				CLANG_CXX_LANGUAGE_STANDARD = "gnu++0x";
				CLANG_CXX_LIBRARY = "libc++";
				CLANG_ENABLE_MODULES = YES;
				CLANG_ENABLE_OBJC_ARC = YES;
				CLANG_WARN_BOOL_CONVERSION = YES;
				CLANG_WARN_CONSTANT_CONVERSION = YES;
				CLANG_WARN_DIRECT_OBJC_ISA_USAGE = YES_ERROR;
				CLANG_WARN_EMPTY_BODY = YES;
				CLANG_WARN_ENUM_CONVERSION = YES;
				CLANG_WARN_INT_CONVERSION = YES;
				CLANG_WARN_OBJC_ROOT_CLASS = YES_ERROR;
				CLANG_WARN_UNREACHABLE_CODE = YES;
				CLANG_WARN__DUPLICATE_METHOD_MATCH = YES;
				"CODE_SIGN_IDENTITY[sdk=iphoneos*]" = "iPhone Developer";
				COPY_PHASE_STRIP = NO;
				DEBUG_INFORMATION_FORMAT = dwarf;
				ENABLE_STRICT_OBJC_MSGSEND = YES;
				ENABLE_TESTABILITY = YES;
				GCC_C_LANGUAGE_STANDARD = gnu99;
				GCC_DYNAMIC_NO_PIC = NO;
				GCC_NO_COMMON_BLOCKS = YES;
				GCC_OPTIMIZATION_LEVEL = 0;
				GCC_PREPROCESSOR_DEFINITIONS = (
					"DEBUG=1",
					"$(inherited)",
				);
				GCC_WARN_64_TO_32_BIT_CONVERSION = YES;
				GCC_WARN_ABOUT_RETURN_TYPE = YES_ERROR;
				GCC_WARN_UNDECLARED_SELECTOR = YES;
				GCC_WARN_UNINITIALIZED_AUTOS = YES_AGGRESSIVE;
				GCC_WARN_UNUSED_FUNCTION = YES;
				GCC_WARN_UNUSED_VARIABLE = YES;
				IPHONEOS_DEPLOYMENT_TARGET = 9.3;
				MTL_ENABLE_DEBUG_INFO = YES;
				ONLY_ACTIVE_ARCH = YES;
				SDKROOT = iphoneos;
				TARGETED_DEVICE_FAMILY = "1,2";
			};
			name = Debug;
		};
		5AE52D001CAAB6C50010D15A /* Release */ = {
			isa = XCBuildConfiguration;
			buildSettings = {
				ALWAYS_SEARCH_USER_PATHS = NO;
				CLANG_ANALYZER_NONNULL = YES;
				CLANG_CXX_LANGUAGE_STANDARD = "gnu++0x";
				CLANG_CXX_LIBRARY = "libc++";
				CLANG_ENABLE_MODULES = YES;
				CLANG_ENABLE_OBJC_ARC = YES;
				CLANG_WARN_BOOL_CONVERSION = YES;
				CLANG_WARN_CONSTANT_CONVERSION = YES;
				CLANG_WARN_DIRECT_OBJC_ISA_USAGE = YES_ERROR;
				CLANG_WARN_EMPTY_BODY = YES;
				CLANG_WARN_ENUM_CONVERSION = YES;
				CLANG_WARN_INT_CONVERSION = YES;
				CLANG_WARN_OBJC_ROOT_CLASS = YES_ERROR;
				CLANG_WARN_UNREACHABLE_CODE = YES;
				CLANG_WARN__DUPLICATE_METHOD_MATCH = YES;
				"CODE_SIGN_IDENTITY[sdk=iphoneos*]" = "iPhone Developer";
				COPY_PHASE_STRIP = NO;
				DEBUG_INFORMATION_FORMAT = "dwarf-with-dsym";
				ENABLE_NS_ASSERTIONS = NO;
				ENABLE_STRICT_OBJC_MSGSEND = YES;
				GCC_C_LANGUAGE_STANDARD = gnu99;
				GCC_NO_COMMON_BLOCKS = YES;
				GCC_WARN_64_TO_32_BIT_CONVERSION = YES;
				GCC_WARN_ABOUT_RETURN_TYPE = YES_ERROR;
				GCC_WARN_UNDECLARED_SELECTOR = YES;
				GCC_WARN_UNINITIALIZED_AUTOS = YES_AGGRESSIVE;
				GCC_WARN_UNUSED_FUNCTION = YES;
				GCC_WARN_UNUSED_VARIABLE = YES;
				IPHONEOS_DEPLOYMENT_TARGET = 9.3;
				MTL_ENABLE_DEBUG_INFO = NO;
				SDKROOT = iphoneos;
				TARGETED_DEVICE_FAMILY = "1,2";
				VALIDATE_PRODUCT = YES;
			};
			name = Release;
		};
		5AE52D021CAAB6C50010D15A /* Debug */ = {
			isa = XCBuildConfiguration;
			buildSettings = {
				ASSETCATALOG_COMPILER_APPICON_NAME = AppIcon;
				INFOPLIST_FILE = TestApp/Info.plist;
				IPHONEOS_DEPLOYMENT_TARGET = 8.1;
				LD_RUNPATH_SEARCH_PATHS = "$(inherited) @executable_path/Frameworks";
				PRODUCT_BUNDLE_IDENTIFIER = ee.nostris.TestApp;
				PRODUCT_NAME = "$(TARGET_NAME)";
			};
			name = Debug;
		};
		5AE52D031CAAB6C50010D15A /* Release */ = {
			isa = XCBuildConfiguration;
			buildSettings = {
				ASSETCATALOG_COMPILER_APPICON_NAME = AppIcon;
				INFOPLIST_FILE = TestApp/Info.plist;
				IPHONEOS_DEPLOYMENT_TARGET = 8.1;
				LD_RUNPATH_SEARCH_PATHS = "$(inherited) @executable_path/Frameworks";
				PRODUCT_BUNDLE_IDENTIFIER = ee.nostris.TestApp;
				PRODUCT_NAME = "$(TARGET_NAME)";
			};
			name = Release;
		};
		5AE52D051CAAB6C50010D15A /* Debug */ = {
			isa = XCBuildConfiguration;
			buildSettings = {
				BUNDLE_LOADER = "$(TEST_HOST)";
				INFOPLIST_FILE = TestAppTests/Info.plist;
				LD_RUNPATH_SEARCH_PATHS = "$(inherited) @executable_path/Frameworks @loader_path/Frameworks";
				PRODUCT_BUNDLE_IDENTIFIER = ee.nostris.TestAppTests;
				PRODUCT_NAME = "$(TARGET_NAME)";
				TEST_HOST = "$(BUILT_PRODUCTS_DIR)/TestApp.app/TestApp";
			};
			name = Debug;
		};
		5AE52D061CAAB6C50010D15A /* Release */ = {
			isa = XCBuildConfiguration;
			buildSettings = {
				BUNDLE_LOADER = "$(TEST_HOST)";
				INFOPLIST_FILE = TestAppTests/Info.plist;
				LD_RUNPATH_SEARCH_PATHS = "$(inherited) @executable_path/Frameworks @loader_path/Frameworks";
				PRODUCT_BUNDLE_IDENTIFIER = ee.nostris.TestAppTests;
				PRODUCT_NAME = "$(TARGET_NAME)";
				TEST_HOST = "$(BUILT_PRODUCTS_DIR)/TestApp.app/TestApp";
			};
			name = Release;
		};
		5AE52D081CAAB6C50010D15A /* Debug */ = {
			isa = XCBuildConfiguration;
			buildSettings = {
				INFOPLIST_FILE = TestAppUITests/Info.plist;
				LD_RUNPATH_SEARCH_PATHS = "$(inherited) @executable_path/Frameworks @loader_path/Frameworks";
				PRODUCT_BUNDLE_IDENTIFIER = ee.nostris.TestAppUITests;
				PRODUCT_NAME = "$(TARGET_NAME)";
				TEST_TARGET_NAME = TestApp;
			};
			name = Debug;
		};
		5AE52D091CAAB6C50010D15A /* Release */ = {
			isa = XCBuildConfiguration;
			buildSettings = {
				INFOPLIST_FILE = TestAppUITests/Info.plist;
				LD_RUNPATH_SEARCH_PATHS = "$(inherited) @executable_path/Frameworks @loader_path/Frameworks";
				PRODUCT_BUNDLE_IDENTIFIER = ee.nostris.TestAppUITests;
				PRODUCT_NAME = "$(TARGET_NAME)";
				TEST_TARGET_NAME = TestApp;
			};
			name = Release;
		};
/* End XCBuildConfiguration section */

/* Begin XCConfigurationList section */
		5AE52CCC1CAAB6C40010D15A /* Build configuration list for PBXProject "TestApp" */ = {
			isa = XCConfigurationList;
			buildConfigurations = (
				5AE52CFF1CAAB6C50010D15A /* Debug */,
				5AE52D001CAAB6C50010D15A /* Release */,
			);
			defaultConfigurationIsVisible = 0;
			defaultConfigurationName = Release;
		};
		5AE52D011CAAB6C50010D15A /* Build configuration list for PBXNativeTarget "TestApp" */ = {
			isa = XCConfigurationList;
			buildConfigurations = (
				5AE52D021CAAB6C50010D15A /* Debug */,
				5AE52D031CAAB6C50010D15A /* Release */,
			);
			defaultConfigurationIsVisible = 0;
		};
		5AE52D041CAAB6C50010D15A /* Build configuration list for PBXNativeTarget "TestAppTests" */ = {
			isa = XCConfigurationList;
			buildConfigurations = (
				5AE52D051CAAB6C50010D15A /* Debug */,
				5AE52D061CAAB6C50010D15A /* Release */,
			);
			defaultConfigurationIsVisible = 0;
		};
		5AE52D071CAAB6C50010D15A /* Build configuration list for PBXNativeTarget "TestAppUITests" */ = {
			isa = XCConfigurationList;
			buildConfigurations = (
				5AE52D081CAAB6C50010D15A /* Debug */,
				5AE52D091CAAB6C50010D15A /* Release */,
			);
			defaultConfigurationIsVisible = 0;
		};
/* End XCConfigurationList section */

/* Begin XCVersionGroup section */
		5AE52CE01CAAB6C40010D15A /* TestApp.xcdatamodeld */ = {
			isa = XCVersionGroup;
			children = (
				5AE52CE11CAAB6C40010D15A /* TestApp.xcdatamodel */,
			);
			currentVersion = 5AE52CE11CAAB6C40010D15A /* TestApp.xcdatamodel */;
			path = TestApp.xcdatamodeld;
			sourceTree = "<group>";
			versionGroupType = wrapper.xcdatamodel;
		};
/* End XCVersionGroup section */
	};
	rootObject = 5AE52CC91CAAB6C40010D15A /* Project object */;
}
